# Pinned ffmpeg/ffprobe builds approved for use and redistribution with arxgo.
# Decision and evidence: docs/impl/records/0002-preview-approve-ffmpeg-distribution.md
# Read by tools/fetch-ffmpeg.sh (`make ffmpeg`). Format: key=value, no spaces, no quoting.

version=6.1.1
license=GPL-3.0-or-later

# linux/amd64: static-pie (musl) build from the mwader/static-ffmpeg:6.1.1 image, amd64 manifest
# sha256:1a986bde9516b0e57564395f9ad843db96ae8214b2704b190247c5ed85920bf6. The image has a single
# layer; it is fetched from the Docker Hub registry by digest, so no docker client is needed.
# Build recipe: https://github.com/wader/static-ffmpeg (tag 6.1.1).
linux_amd64_registry_repo=mwader/static-ffmpeg
linux_amd64_layer_sha256=6a50276a3bb9cfb113cdea2914393956f9fa74f0878398001bb0c811974170d6
linux_amd64_ffmpeg_sha256=dcf4c806caad507b11c73754b86a8cbd0ce686ae12f90bf8ba235d145f53edc0
linux_amd64_ffprobe_sha256=aef7126f9c9845cdb8692c1dfd3c9eb74016210a68f8534325cf9f9a631cf9f1

# windows/amd64: gyan.dev 6.1.1 essentials static build (GPL v3). Source commit per its README:
# https://github.com/FFmpeg/FFmpeg/commit/e38092ef93
windows_amd64_url=https://github.com/GyanD/codexffmpeg/releases/download/6.1.1/ffmpeg-6.1.1-essentials_build.zip
windows_amd64_archive_sha256=742e32fc9f92681f9f254b925e1b613fdd8074ba40749d4879aefdb009b94cc5
windows_amd64_archive_dir=ffmpeg-6.1.1-essentials_build/bin
windows_amd64_ffmpeg_sha256=04e1307997530f9cf2fe35cba2ca7e8875ca91da02f89d6c7243df819c94ad00
windows_amd64_ffprobe_sha256=3a7e2dc003dc2cd1472827e4c7c4f056ae1ae0ae7c5bbc580c99b49827351ba4
